
Microsoft Visual Studio Solution File, Format Version 12.00
# Visual Studio Version 17
VisualStudioVersion = 17.0.32126.317
MinimumVisualStudioVersion = 10.0.40219.1
Project("{FAE04EC0-301F-11D3-BF4B-00C04F79EFBC}") = "Listview.Android", "Listview\Listview.Android\Listview.Android.csproj", "{A2DB74D7-ABA1-4DEA-AE03-174F0DF0DC00}"
EndProject
Project("{FAE04EC0-301F-11D3-BF4B-00C04F79EFBC}") = "Listview", "Listview\Listview\Listview.csproj", "{78896B31-7103-4DE8-9392-82385E4BA0CF}"
EndProject
Global
	GlobalSection(SolutionConfigurationPlatforms) = preSolution
		Debug|Any CPU = Debug|Any CPU
		Release|Any CPU = Release|Any CPU
	EndGlobalSection
	GlobalSection(ProjectConfigurationPlatforms) = postSolution
		{A2DB74D7-ABA1-4DEA-AE03-174F0DF0DC00}.Debug|Any CPU.ActiveCfg = Debug|Any CPU
		{A2DB74D7-ABA1-4DEA-AE03-174F0DF0DC00}.Debug|Any CPU.Build.0 = Debug|Any CPU
		{A2DB74D7-ABA1-4DEA-AE03-174F0DF0DC00}.Debug|Any CPU.Deploy.0 = Debug|Any CPU
		{A2DB74D7-ABA1-4DEA-AE03-174F0DF0DC00}.Release|Any CPU.ActiveCfg = Release|Any CPU
		{A2DB74D7-ABA1-4DEA-AE03-174F0DF0DC00}.Release|Any CPU.Build.0 = Release|Any CPU
		{A2DB74D7-ABA1-4DEA-AE03-174F0DF0DC00}.Release|Any CPU.Deploy.0 = Release|Any CPU
		{78896B31-7103-4DE8-9392-82385E4BA0CF}.Debug|Any CPU.ActiveCfg = Debug|Any CPU
		{78896B31-7103-4DE8-9392-82385E4BA0CF}.Debug|Any CPU.Build.0 = Debug|Any CPU
		{78896B31-7103-4DE8-9392-82385E4BA0CF}.Debug|Any CPU.Deploy.0 = Debug|Any CPU
		{78896B31-7103-4DE8-9392-82385E4BA0CF}.Release|Any CPU.ActiveCfg = Release|Any CPU
		{78896B31-7103-4DE8-9392-82385E4BA0CF}.Release|Any CPU.Build.0 = Release|Any CPU
		{78896B31-7103-4DE8-9392-82385E4BA0CF}.Release|Any CPU.Deploy.0 = Release|Any CPU
	EndGlobalSection
	GlobalSection(SolutionProperties) = preSolution
		HideSolutionNode = FALSE
	EndGlobalSection
	GlobalSection(ExtensibilityGlobals) = postSolution
		SolutionGuid = {EED2B2B9-FBC5-4857-987F-2045FFE357DD}
	EndGlobalSection
EndGlobal
